
Microsoft Visual Studio Solution File, Format Version 12.00
# Visual Studio Version 17
VisualStudioVersion = 17.9.34701.34
MinimumVisualStudioVersion = 10.0.40219.1
Project("{FAE04EC0-301F-11D3-BF4B-00C04F79EFBC}") = "EscuelaAPI", "EscuelaAPI.csproj", "{BAAF52AA-B384-46AA-9A79-160CECBEB6AA}"
EndProject
Project("{FAE04EC0-301F-11D3-BF4B-00C04F79EFBC}") = "DatosEscuela", "..\DatosEscuela\DatosEscuela.csproj", "{0513DD9E-D01F-40F4-8CB9-30ED8B8CEAB4}"
EndProject
Global
	GlobalSection(SolutionConfigurationPlatforms) = preSolution
		Debug|Any CPU = Debug|Any CPU
		Release|Any CPU = Release|Any CPU
	EndGlobalSection
	GlobalSection(ProjectConfigurationPlatforms) = postSolution
		{BAAF52AA-B384-46AA-9A79-160CECBEB6AA}.Debug|Any CPU.ActiveCfg = Debug|Any CPU
		{BAAF52AA-B384-46AA-9A79-160CECBEB6AA}.Debug|Any CPU.Build.0 = Debug|Any CPU
		{BAAF52AA-B384-46AA-9A79-160CECBEB6AA}.Release|Any CPU.ActiveCfg = Release|Any CPU
		{BAAF52AA-B384-46AA-9A79-160CECBEB6AA}.Release|Any CPU.Build.0 = Release|Any CPU
		{0513DD9E-D01F-40F4-8CB9-30ED8B8CEAB4}.Debug|Any CPU.ActiveCfg = Debug|Any CPU
		{0513DD9E-D01F-40F4-8CB9-30ED8B8CEAB4}.Debug|Any CPU.Build.0 = Debug|Any CPU
		{0513DD9E-D01F-40F4-8CB9-30ED8B8CEAB4}.Release|Any CPU.ActiveCfg = Release|Any CPU
		{0513DD9E-D01F-40F4-8CB9-30ED8B8CEAB4}.Release|Any CPU.Build.0 = Release|Any CPU
	EndGlobalSection
	GlobalSection(SolutionProperties) = preSolution
		HideSolutionNode = FALSE
	EndGlobalSection
	GlobalSection(ExtensibilityGlobals) = postSolution
		SolutionGuid = {4965FD9B-F7D0-4D88-AA2F-F5B50A2CC035}
	EndGlobalSection
EndGlobal
