
Microsoft Visual Studio Solution File, Format Version 12.00
# Visual Studio Version 17
VisualStudioVersion = 17.9.34714.143
MinimumVisualStudioVersion = 10.0.40219.1
Project("{FAE04EC0-301F-11D3-BF4B-00C04F79EFBC}") = "ConsoleApp1", "ConsoleApp1.csproj", "{CA3023AF-401C-4388-8488-5FCEEC6418F8}"
EndProject
Global
	GlobalSection(SolutionConfigurationPlatforms) = preSolution
		Debug|Any CPU = Debug|Any CPU
		Release|Any CPU = Release|Any CPU
	EndGlobalSection
	GlobalSection(ProjectConfigurationPlatforms) = postSolution
		{CA3023AF-401C-4388-8488-5FCEEC6418F8}.Debug|Any CPU.ActiveCfg = Debug|Any CPU
		{CA3023AF-401C-4388-8488-5FCEEC6418F8}.Debug|Any CPU.Build.0 = Debug|Any CPU
		{CA3023AF-401C-4388-8488-5FCEEC6418F8}.Release|Any CPU.ActiveCfg = Release|Any CPU
		{CA3023AF-401C-4388-8488-5FCEEC6418F8}.Release|Any CPU.Build.0 = Release|Any CPU
	EndGlobalSection
	GlobalSection(SolutionProperties) = preSolution
		HideSolutionNode = FALSE
	EndGlobalSection
	GlobalSection(ExtensibilityGlobals) = postSolution
		SolutionGuid = {952F0B00-7EF1-4F8D-9E99-53FF2B3F3A02}
	EndGlobalSection
EndGlobal
